
Microsoft Visual Studio Solution File, Format Version 12.00
# Visual Studio Version 17
VisualStudioVersion = 17.8.34322.80
MinimumVisualStudioVersion = 10.0.40219.1
Project("{FAE04EC0-301F-11D3-BF4B-00C04F79EFBC}") = "ticket sales automation", "ticket sales automation\ticket sales automation.csproj", "{4598D310-1FF7-4B9E-ABC7-469D11C02B3E}"
EndProject
Global
	GlobalSection(SolutionConfigurationPlatforms) = preSolution
		Debug|Any CPU = Debug|Any CPU
		Release|Any CPU = Release|Any CPU
	EndGlobalSection
	GlobalSection(ProjectConfigurationPlatforms) = postSolution
		{4598D310-1FF7-4B9E-ABC7-469D11C02B3E}.Debug|Any CPU.ActiveCfg = Debug|Any CPU
		{4598D310-1FF7-4B9E-ABC7-469D11C02B3E}.Debug|Any CPU.Build.0 = Debug|Any CPU
		{4598D310-1FF7-4B9E-ABC7-469D11C02B3E}.Release|Any CPU.ActiveCfg = Release|Any CPU
		{4598D310-1FF7-4B9E-ABC7-469D11C02B3E}.Release|Any CPU.Build.0 = Release|Any CPU
	EndGlobalSection
	GlobalSection(SolutionProperties) = preSolution
		HideSolutionNode = FALSE
	EndGlobalSection
	GlobalSection(ExtensibilityGlobals) = postSolution
		SolutionGuid = {1A5AFEC6-4E8A-4927-B5FE-1ED2A7F01F88}
	EndGlobalSection
EndGlobal
